
Microsoft Visual Studio Solution File, Format Version 12.00
# Visual Studio Version 17
VisualStudioVersion = 17.2.32616.157
MinimumVisualStudioVersion = 10.0.40219.1
Project("{FAE04EC0-301F-11D3-BF4B-00C04F79EFBC}") = "FreeLauncher", "FreeLauncher\FreeLauncher.csproj", "{F63BCFF8-2B72-4FF4-BE24-EEC9E1E3645B}"
EndProject
Project("{FAE04EC0-301F-11D3-BF4B-00C04F79EFBC}") = "FreeLauncher.Core", "Core\FreeLauncher.Core.csproj", "{DBAF755F-F9A9-40DC-9301-B4F57880FB5C}"
EndProject
Project("{FAE04EC0-301F-11D3-BF4B-00C04F79EFBC}") = "FreeLauncher.YaDra4il", "YaDra4il\FreeLauncher.YaDra4il.csproj", "{F41BC001-E08C-4C3B-9435-53DDC8A392DE}"
EndProject
Global
	GlobalSection(SolutionConfigurationPlatforms) = preSolution
		Debug|Any CPU = Debug|Any CPU
		Debug|Mixed Platforms = Debug|Mixed Platforms
		Debug|x64 = Debug|x64
		Debug|x86 = Debug|x86
		Release|Any CPU = Release|Any CPU
		Release|Mixed Platforms = Release|Mixed Platforms
		Release|x64 = Release|x64
		Release|x86 = Release|x86
	EndGlobalSection
	GlobalSection(ProjectConfigurationPlatforms) = postSolution
		{F63BCFF8-2B72-4FF4-BE24-EEC9E1E3645B}.Debug|Any CPU.ActiveCfg = Debug|Any CPU
		{F63BCFF8-2B72-4FF4-BE24-EEC9E1E3645B}.Debug|Any CPU.Build.0 = Debug|Any CPU
		{F63BCFF8-2B72-4FF4-BE24-EEC9E1E3645B}.Debug|Mixed Platforms.ActiveCfg = Debug|Any CPU
		{F63BCFF8-2B72-4FF4-BE24-EEC9E1E3645B}.Debug|Mixed Platforms.Build.0 = Debug|Any CPU
		{F63BCFF8-2B72-4FF4-BE24-EEC9E1E3645B}.Debug|Mixed Platforms.Deploy.0 = Debug|Any CPU
		{F63BCFF8-2B72-4FF4-BE24-EEC9E1E3645B}.Debug|x64.ActiveCfg = Debug|Any CPU
		{F63BCFF8-2B72-4FF4-BE24-EEC9E1E3645B}.Debug|x64.Build.0 = Debug|Any CPU
		{F63BCFF8-2B72-4FF4-BE24-EEC9E1E3645B}.Debug|x86.ActiveCfg = Debug|x86
		{F63BCFF8-2B72-4FF4-BE24-EEC9E1E3645B}.Debug|x86.Build.0 = Debug|x86
		{F63BCFF8-2B72-4FF4-BE24-EEC9E1E3645B}.Release|Any CPU.ActiveCfg = Release|Any CPU
		{F63BCFF8-2B72-4FF4-BE24-EEC9E1E3645B}.Release|Any CPU.Build.0 = Release|Any CPU
		{F63BCFF8-2B72-4FF4-BE24-EEC9E1E3645B}.Release|Mixed Platforms.ActiveCfg = Release|x86
		{F63BCFF8-2B72-4FF4-BE24-EEC9E1E3645B}.Release|Mixed Platforms.Build.0 = Release|x86
		{F63BCFF8-2B72-4FF4-BE24-EEC9E1E3645B}.Release|x64.ActiveCfg = Release|Any CPU
		{F63BCFF8-2B72-4FF4-BE24-EEC9E1E3645B}.Release|x64.Build.0 = Release|Any CPU
		{F63BCFF8-2B72-4FF4-BE24-EEC9E1E3645B}.Release|x86.ActiveCfg = Release|x86
		{F63BCFF8-2B72-4FF4-BE24-EEC9E1E3645B}.Release|x86.Build.0 = Release|x86
		{DBAF755F-F9A9-40DC-9301-B4F57880FB5C}.Debug|Any CPU.ActiveCfg = Debug|Any CPU
		{DBAF755F-F9A9-40DC-9301-B4F57880FB5C}.Debug|Any CPU.Build.0 = Debug|Any CPU
		{DBAF755F-F9A9-40DC-9301-B4F57880FB5C}.Debug|Mixed Platforms.ActiveCfg = Debug|Any CPU
		{DBAF755F-F9A9-40DC-9301-B4F57880FB5C}.Debug|Mixed Platforms.Build.0 = Debug|Any CPU
		{DBAF755F-F9A9-40DC-9301-B4F57880FB5C}.Debug|x64.ActiveCfg = Debug|Any CPU
		{DBAF755F-F9A9-40DC-9301-B4F57880FB5C}.Debug|x64.Build.0 = Debug|Any CPU
		{DBAF755F-F9A9-40DC-9301-B4F57880FB5C}.Debug|x86.ActiveCfg = Debug|Any CPU
		{DBAF755F-F9A9-40DC-9301-B4F57880FB5C}.Debug|x86.Build.0 = Debug|Any CPU
		{DBAF755F-F9A9-40DC-9301-B4F57880FB5C}.Release|Any CPU.ActiveCfg = Release|Any CPU
		{DBAF755F-F9A9-40DC-9301-B4F57880FB5C}.Release|Any CPU.Build.0 = Release|Any CPU
		{DBAF755F-F9A9-40DC-9301-B4F57880FB5C}.Release|Mixed Platforms.ActiveCfg = Release|Any CPU
		{DBAF755F-F9A9-40DC-9301-B4F57880FB5C}.Release|Mixed Platforms.Build.0 = Release|Any CPU
		{DBAF755F-F9A9-40DC-9301-B4F57880FB5C}.Release|x64.ActiveCfg = Release|Any CPU
		{DBAF755F-F9A9-40DC-9301-B4F57880FB5C}.Release|x64.Build.0 = Release|Any CPU
		{DBAF755F-F9A9-40DC-9301-B4F57880FB5C}.Release|x86.ActiveCfg = Release|Any CPU
		{DBAF755F-F9A9-40DC-9301-B4F57880FB5C}.Release|x86.Build.0 = Release|Any CPU
		{F41BC001-E08C-4C3B-9435-53DDC8A392DE}.Debug|Any CPU.ActiveCfg = Debug|Any CPU
		{F41BC001-E08C-4C3B-9435-53DDC8A392DE}.Debug|Any CPU.Build.0 = Debug|Any CPU
		{F41BC001-E08C-4C3B-9435-53DDC8A392DE}.Debug|Mixed Platforms.ActiveCfg = Debug|Any CPU
		{F41BC001-E08C-4C3B-9435-53DDC8A392DE}.Debug|Mixed Platforms.Build.0 = Debug|Any CPU
		{F41BC001-E08C-4C3B-9435-53DDC8A392DE}.Debug|x64.ActiveCfg = Debug|Any CPU
		{F41BC001-E08C-4C3B-9435-53DDC8A392DE}.Debug|x64.Build.0 = Debug|Any CPU
		{F41BC001-E08C-4C3B-9435-53DDC8A392DE}.Debug|x86.ActiveCfg = Debug|Any CPU
		{F41BC001-E08C-4C3B-9435-53DDC8A392DE}.Debug|x86.Build.0 = Debug|Any CPU
		{F41BC001-E08C-4C3B-9435-53DDC8A392DE}.Release|Any CPU.ActiveCfg = Release|Any CPU
		{F41BC001-E08C-4C3B-9435-53DDC8A392DE}.Release|Any CPU.Build.0 = Release|Any CPU
		{F41BC001-E08C-4C3B-9435-53DDC8A392DE}.Release|Mixed Platforms.ActiveCfg = Release|Any CPU
		{F41BC001-E08C-4C3B-9435-53DDC8A392DE}.Release|Mixed Platforms.Build.0 = Release|Any CPU
		{F41BC001-E08C-4C3B-9435-53DDC8A392DE}.Release|x64.ActiveCfg = Release|Any CPU
		{F41BC001-E08C-4C3B-9435-53DDC8A392DE}.Release|x64.Build.0 = Release|Any CPU
		{F41BC001-E08C-4C3B-9435-53DDC8A392DE}.Release|x86.ActiveCfg = Release|Any CPU
		{F41BC001-E08C-4C3B-9435-53DDC8A392DE}.Release|x86.Build.0 = Release|Any CPU
	EndGlobalSection
	GlobalSection(SolutionProperties) = preSolution
		HideSolutionNode = FALSE
	EndGlobalSection
	GlobalSection(ExtensibilityGlobals) = postSolution
		SolutionGuid = {0C166586-0BF1-4469-9D5F-F2BA9DFE89EE}
	EndGlobalSection
EndGlobal
